// !$*UTF8*$!
{
	archiveVersion = 1;
	classes = {
	};
	objectVersion = 55;
	objects = {

/* Begin PBXBuildFile section */
		2D214F3D28930BB1002752C7 /* AppDelegate.swift in Sources */ = {isa = PBXBuildFile; fileRef = 2D214F3C28930BB1002752C7 /* AppDelegate.swift */; };
		2D214F3F28930BB1002752C7 /* SceneDelegate.swift in Sources */ = {isa = PBXBuildFile; fileRef = 2D214F3E28930BB1002752C7 /* SceneDelegate.swift */; };
		2D214F4428930BB1002752C7 /* Main.storyboard in Resources */ = {isa = PBXBuildFile; fileRef = 2D214F4228930BB1002752C7 /* Main.storyboard */; };
		2D214F4628930BB2002752C7 /* Assets.xcassets in Resources */ = {isa = PBXBuildFile; fileRef = 2D214F4528930BB2002752C7 /* Assets.xcassets */; };
		2D214F4928930BB2002752C7 /* LaunchScreen.storyboard in Resources */ = {isa = PBXBuildFile; fileRef = 2D214F4728930BB2002752C7 /* LaunchScreen.storyboard */; };
		2D214F512893129F002752C7 /* SignInStoryboard.storyboard in Resources */ = {isa = PBXBuildFile; fileRef = 2D214F502893129F002752C7 /* SignInStoryboard.storyboard */; };
		2D214F5728931419002752C7 /* SignInVC.swift in Sources */ = {isa = PBXBuildFile; fileRef = 2D214F5628931419002752C7 /* SignInVC.swift */; };
		2D55BD06289836EF00FD59AF /* SignUpStoryboard.storyboard in Resources */ = {isa = PBXBuildFile; fileRef = 2D55BD05289836EF00FD59AF /* SignUpStoryboard.storyboard */; };
		2D55BD0828983F7F00FD59AF /* SignUpVC.swift in Sources */ = {isa = PBXBuildFile; fileRef = 2D55BD0728983F7F00FD59AF /* SignUpVC.swift */; };
		2D55BD0B2898452F00FD59AF /* VerificationService.swift in Sources */ = {isa = PBXBuildFile; fileRef = 2D55BD0A2898452F00FD59AF /* VerificationService.swift */; };
		2D55BD0E2898485E00FD59AF /* UIViewControllerExt.swift in Sources */ = {isa = PBXBuildFile; fileRef = 2D55BD0D2898485E00FD59AF /* UIViewControllerExt.swift */; };
		2D55BD11289857CC00FD59AF /* UserModel.swift in Sources */ = {isa = PBXBuildFile; fileRef = 2D55BD10289857CC00FD59AF /* UserModel.swift */; };
		2D55BD132898596900FD59AF /* CodeVerifVC.swift in Sources */ = {isa = PBXBuildFile; fileRef = 2D55BD122898596900FD59AF /* CodeVerifVC.swift */; };
		2DC3C3F028980A870033CB58 /* File.rtf in Resources */ = {isa = PBXBuildFile; fileRef = 2DC3C3EF28980A870033CB58 /* File.rtf */; };
/* End PBXBuildFile section */

/* Begin PBXFileReference section */
		2D214F3928930BB1002752C7 /* RegistrationApp.app */ = {isa = PBXFileReference; explicitFileType = wrapper.application; includeInIndex = 0; path = RegistrationApp.app; sourceTree = BUILT_PRODUCTS_DIR; };
		2D214F3C28930BB1002752C7 /* AppDelegate.swift */ = {isa = PBXFileReference; lastKnownFileType = sourcecode.swift; path = AppDelegate.swift; sourceTree = "<group>"; };
		2D214F3E28930BB1002752C7 /* SceneDelegate.swift */ = {isa = PBXFileReference; lastKnownFileType = sourcecode.swift; path = SceneDelegate.swift; sourceTree = "<group>"; };
		2D214F4328930BB1002752C7 /* Base */ = {isa = PBXFileReference; lastKnownFileType = file.storyboard; name = Base; path = Base.lproj/Main.storyboard; sourceTree = "<group>"; };
		2D214F4528930BB2002752C7 /* Assets.xcassets */ = {isa = PBXFileReference; lastKnownFileType = folder.assetcatalog; path = Assets.xcassets; sourceTree = "<group>"; };
		2D214F4828930BB2002752C7 /* Base */ = {isa = PBXFileReference; lastKnownFileType = file.storyboard; name = Base; path = Base.lproj/LaunchScreen.storyboard; sourceTree = "<group>"; };
		2D214F4A28930BB2002752C7 /* Info.plist */ = {isa = PBXFileReference; lastKnownFileType = text.plist.xml; path = Info.plist; sourceTree = "<group>"; };
		2D214F502893129F002752C7 /* SignInStoryboard.storyboard */ = {isa = PBXFileReference; lastKnownFileType = file.storyboard; path = SignInStoryboard.storyboard; sourceTree = "<group>"; };
		2D214F5628931419002752C7 /* SignInVC.swift */ = {isa = PBXFileReference; lastKnownFileType = sourcecode.swift; path = SignInVC.swift; sourceTree = "<group>"; };
		2D55BD05289836EF00FD59AF /* SignUpStoryboard.storyboard */ = {isa = PBXFileReference; lastKnownFileType = file.storyboard; path = SignUpStoryboard.storyboard; sourceTree = "<group>"; };
		2D55BD0728983F7F00FD59AF /* SignUpVC.swift */ = {isa = PBXFileReference; lastKnownFileType = sourcecode.swift; path = SignUpVC.swift; sourceTree = "<group>"; };
		2D55BD0A2898452F00FD59AF /* VerificationService.swift */ = {isa = PBXFileReference; lastKnownFileType = sourcecode.swift; path = VerificationService.swift; sourceTree = "<group>"; };
		2D55BD0D2898485E00FD59AF /* UIViewControllerExt.swift */ = {isa = PBXFileReference; lastKnownFileType = sourcecode.swift; path = UIViewControllerExt.swift; sourceTree = "<group>"; };
		2D55BD10289857CC00FD59AF /* UserModel.swift */ = {isa = PBXFileReference; lastKnownFileType = sourcecode.swift; path = UserModel.swift; sourceTree = "<group>"; };
		2D55BD122898596900FD59AF /* CodeVerifVC.swift */ = {isa = PBXFileReference; lastKnownFileType = sourcecode.swift; path = CodeVerifVC.swift; sourceTree = "<group>"; };
		2DC3C3EF28980A870033CB58 /* File.rtf */ = {isa = PBXFileReference; lastKnownFileType = text.rtf; path = File.rtf; sourceTree = "<group>"; };
/* End PBXFileReference section */

/* Begin PBXFrameworksBuildPhase section */
		2D214F3628930BB1002752C7 /* Frameworks */ = {
			isa = PBXFrameworksBuildPhase;
			buildActionMask = 2147483647;
			files = (
			);
			runOnlyForDeploymentPostprocessing = 0;
		};
/* End PBXFrameworksBuildPhase section */

/* Begin PBXGroup section */
		2D214F3028930BB1002752C7 = {
			isa = PBXGroup;
			children = (
				2D214F3B28930BB1002752C7 /* RegistrationApp */,
				2D214F3A28930BB1002752C7 /* Products */,
			);
			sourceTree = "<group>";
		};
		2D214F3A28930BB1002752C7 /* Products */ = {
			isa = PBXGroup;
			children = (
				2D214F3928930BB1002752C7 /* RegistrationApp.app */,
			);
			name = Products;
			sourceTree = "<group>";
		};
		2D214F3B28930BB1002752C7 /* RegistrationApp */ = {
			isa = PBXGroup;
			children = (
				2D55BD0F289857B600FD59AF /* Models */,
				2D55BD092898450C00FD59AF /* Services */,
				2D214F54289313F8002752C7 /* Controllers */,
				2D55BD0C2898483E00FD59AF /* Extensions */,
				2D214F52289313A8002752C7 /* Views */,
				2D214F4528930BB2002752C7 /* Assets.xcassets */,
				2DC3C3EF28980A870033CB58 /* File.rtf */,
				2D214F53289313BB002752C7 /* Delagates */,
				2D214F4A28930BB2002752C7 /* Info.plist */,
			);
			path = RegistrationApp;
			sourceTree = "<group>";
		};
		2D214F52289313A8002752C7 /* Views */ = {
			isa = PBXGroup;
			children = (
				2D214F502893129F002752C7 /* SignInStoryboard.storyboard */,
				2D55BD05289836EF00FD59AF /* SignUpStoryboard.storyboard */,
				2D214F4228930BB1002752C7 /* Main.storyboard */,
				2D214F4728930BB2002752C7 /* LaunchScreen.storyboard */,
			);
			path = Views;
			sourceTree = "<group>";
		};
		2D214F53289313BB002752C7 /* Delagates */ = {
			isa = PBXGroup;
			children = (
				2D214F3C28930BB1002752C7 /* AppDelegate.swift */,
				2D214F3E28930BB1002752C7 /* SceneDelegate.swift */,
			);
			path = Delagates;
			sourceTree = "<group>";
		};
		2D214F54289313F8002752C7 /* Controllers */ = {
			isa = PBXGroup;
			children = (
				2D214F5628931419002752C7 /* SignInVC.swift */,
				2D55BD0728983F7F00FD59AF /* SignUpVC.swift */,
				2D55BD122898596900FD59AF /* CodeVerifVC.swift */,
			);
			path = Controllers;
			sourceTree = "<group>";
		};
		2D55BD092898450C00FD59AF /* Services */ = {
			isa = PBXGroup;
			children = (
				2D55BD0A2898452F00FD59AF /* VerificationService.swift */,
			);
			path = Services;
			sourceTree = "<group>";
		};
		2D55BD0C2898483E00FD59AF /* Extensions */ = {
			isa = PBXGroup;
			children = (
				2D55BD0D2898485E00FD59AF /* UIViewControllerExt.swift */,
			);
			path = Extensions;
			sourceTree = "<group>";
		};
		2D55BD0F289857B600FD59AF /* Models */ = {
			isa = PBXGroup;
			children = (
				2D55BD10289857CC00FD59AF /* UserModel.swift */,
			);
			path = Models;
			sourceTree = "<group>";
		};
/* End PBXGroup section */

/* Begin PBXNativeTarget section */
		2D214F3828930BB1002752C7 /* RegistrationApp */ = {
			isa = PBXNativeTarget;
			buildConfigurationList = 2D214F4D28930BB2002752C7 /* Build configuration list for PBXNativeTarget "RegistrationApp" */;
			buildPhases = (
				2D214F3528930BB1002752C7 /* Sources */,
				2D214F3628930BB1002752C7 /* Frameworks */,
				2D214F3728930BB1002752C7 /* Resources */,
			);
			buildRules = (
			);
			dependencies = (
			);
			name = RegistrationApp;
			productName = RegistrationApp;
			productReference = 2D214F3928930BB1002752C7 /* RegistrationApp.app */;
			productType = "com.apple.product-type.application";
		};
/* End PBXNativeTarget section */

/* Begin PBXProject section */
		2D214F3128930BB1002752C7 /* Project object */ = {
			isa = PBXProject;
			attributes = {
				BuildIndependentTargetsInParallel = 1;
				LastSwiftUpdateCheck = 1340;
				LastUpgradeCheck = 1340;
				TargetAttributes = {
					2D214F3828930BB1002752C7 = {
						CreatedOnToolsVersion = 13.4.1;
					};
				};
			};
			buildConfigurationList = 2D214F3428930BB1002752C7 /* Build configuration list for PBXProject "RegistrationApp" */;
			compatibilityVersion = "Xcode 13.0";
			developmentRegion = en;
			hasScannedForEncodings = 0;
			knownRegions = (
				en,
				Base,
			);
			mainGroup = 2D214F3028930BB1002752C7;
			productRefGroup = 2D214F3A28930BB1002752C7 /* Products */;
			projectDirPath = "";
			projectRoot = "";
			targets = (
				2D214F3828930BB1002752C7 /* RegistrationApp */,
			);
		};
/* End PBXProject section */

/* Begin PBXResourcesBuildPhase section */
		2D214F3728930BB1002752C7 /* Resources */ = {
			isa = PBXResourcesBuildPhase;
			buildActionMask = 2147483647;
			files = (
				2DC3C3F028980A870033CB58 /* File.rtf in Resources */,
				2D55BD06289836EF00FD59AF /* SignUpStoryboard.storyboard in Resources */,
				2D214F4928930BB2002752C7 /* LaunchScreen.storyboard in Resources */,
				2D214F4628930BB2002752C7 /* Assets.xcassets in Resources */,
				2D214F4428930BB1002752C7 /* Main.storyboard in Resources */,
				2D214F512893129F002752C7 /* SignInStoryboard.storyboard in Resources */,
			);
			runOnlyForDeploymentPostprocessing = 0;
		};
/* End PBXResourcesBuildPhase section */

/* Begin PBXSourcesBuildPhase section */
		2D214F3528930BB1002752C7 /* Sources */ = {
			isa = PBXSourcesBuildPhase;
			buildActionMask = 2147483647;
			files = (
				2D55BD0828983F7F00FD59AF /* SignUpVC.swift in Sources */,
				2D55BD11289857CC00FD59AF /* UserModel.swift in Sources */,
				2D55BD0B2898452F00FD59AF /* VerificationService.swift in Sources */,
				2D55BD0E2898485E00FD59AF /* UIViewControllerExt.swift in Sources */,
				2D55BD132898596900FD59AF /* CodeVerifVC.swift in Sources */,
				2D214F3D28930BB1002752C7 /* AppDelegate.swift in Sources */,
				2D214F3F28930BB1002752C7 /* SceneDelegate.swift in Sources */,
				2D214F5728931419002752C7 /* SignInVC.swift in Sources */,
			);
			runOnlyForDeploymentPostprocessing = 0;
		};
/* End PBXSourcesBuildPhase section */

/* Begin PBXVariantGroup section */
		2D214F4228930BB1002752C7 /* Main.storyboard */ = {
			isa = PBXVariantGroup;
			children = (
				2D214F4328930BB1002752C7 /* Base */,
			);
			name = Main.storyboard;
			sourceTree = "<group>";
		};
		2D214F4728930BB2002752C7 /* LaunchScreen.storyboard */ = {
			isa = PBXVariantGroup;
			children = (
				2D214F4828930BB2002752C7 /* Base */,
			);
			name = LaunchScreen.storyboard;
			sourceTree = "<group>";
		};
/* End PBXVariantGroup section */

/* Begin XCBuildConfiguration section */
		2D214F4B28930BB2002752C7 /* Debug */ = {
			isa = XCBuildConfiguration;
			buildSettings = {
				ALWAYS_SEARCH_USER_PATHS = NO;
				CLANG_ANALYZER_NONNULL = YES;
				CLANG_ANALYZER_NUMBER_OBJECT_CONVERSION = YES_AGGRESSIVE;
				CLANG_CXX_LANGUAGE_STANDARD = "gnu++17";
				CLANG_ENABLE_MODULES = YES;
				CLANG_ENABLE_OBJC_ARC = YES;
				CLANG_ENABLE_OBJC_WEAK = YES;
				CLANG_WARN_BLOCK_CAPTURE_AUTORELEASING = YES;
				CLANG_WARN_BOOL_CONVERSION = YES;
				CLANG_WARN_COMMA = YES;
				CLANG_WARN_CONSTANT_CONVERSION = YES;
				CLANG_WARN_DEPRECATED_OBJC_IMPLEMENTATIONS = YES;
				CLANG_WARN_DIRECT_OBJC_ISA_USAGE = YES_ERROR;
				CLANG_WARN_DOCUMENTATION_COMMENTS = YES;
				CLANG_WARN_EMPTY_BODY = YES;
				CLANG_WARN_ENUM_CONVERSION = YES;
				CLANG_WARN_INFINITE_RECURSION = YES;
				CLANG_WARN_INT_CONVERSION = YES;
				CLANG_WARN_NON_LITERAL_NULL_CONVERSION = YES;
				CLANG_WARN_OBJC_IMPLICIT_RETAIN_SELF = YES;
				CLANG_WARN_OBJC_LITERAL_CONVERSION = YES;
				CLANG_WARN_OBJC_ROOT_CLASS = YES_ERROR;
				CLANG_WARN_QUOTED_INCLUDE_IN_FRAMEWORK_HEADER = YES;
				CLANG_WARN_RANGE_LOOP_ANALYSIS = YES;
				CLANG_WARN_STRICT_PROTOTYPES = YES;
				CLANG_WARN_SUSPICIOUS_MOVE = YES;
				CLANG_WARN_UNGUARDED_AVAILABILITY = YES_AGGRESSIVE;
				CLANG_WARN_UNREACHABLE_CODE = YES;
				CLANG_WARN__DUPLICATE_METHOD_MATCH = YES;
				COPY_PHASE_STRIP = NO;
				DEBUG_INFORMATION_FORMAT = dwarf;
				ENABLE_STRICT_OBJC_MSGSEND = YES;
				ENABLE_TESTABILITY = YES;
				GCC_C_LANGUAGE_STANDARD = gnu11;
				GCC_DYNAMIC_NO_PIC = NO;
				GCC_NO_COMMON_BLOCKS = YES;
				GCC_OPTIMIZATION_LEVEL = 0;
				GCC_PREPROCESSOR_DEFINITIONS = (
					"DEBUG=1",
					"$(inherited)",
				);
				GCC_WARN_64_TO_32_BIT_CONVERSION = YES;
				GCC_WARN_ABOUT_RETURN_TYPE = YES_ERROR;
				GCC_WARN_UNDECLARED_SELECTOR = YES;
				GCC_WARN_UNINITIALIZED_AUTOS = YES_AGGRESSIVE;
				GCC_WARN_UNUSED_FUNCTION = YES;
				GCC_WARN_UNUSED_VARIABLE = YES;
				IPHONEOS_DEPLOYMENT_TARGET = 15.5;
				MTL_ENABLE_DEBUG_INFO = INCLUDE_SOURCE;
				MTL_FAST_MATH = YES;
				ONLY_ACTIVE_ARCH = YES;
				SDKROOT = iphoneos;
				SWIFT_ACTIVE_COMPILATION_CONDITIONS = DEBUG;
				SWIFT_OPTIMIZATION_LEVEL = "-Onone";
			};
			name = Debug;
		};
		2D214F4C28930BB2002752C7 /* Release */ = {
			isa = XCBuildConfiguration;
			buildSettings = {
				ALWAYS_SEARCH_USER_PATHS = NO;
				CLANG_ANALYZER_NONNULL = YES;
				CLANG_ANALYZER_NUMBER_OBJECT_CONVERSION = YES_AGGRESSIVE;
				CLANG_CXX_LANGUAGE_STANDARD = "gnu++17";
				CLANG_ENABLE_MODULES = YES;
				CLANG_ENABLE_OBJC_ARC = YES;
				CLANG_ENABLE_OBJC_WEAK = YES;
				CLANG_WARN_BLOCK_CAPTURE_AUTORELEASING = YES;
				CLANG_WARN_BOOL_CONVERSION = YES;
				CLANG_WARN_COMMA = YES;
				CLANG_WARN_CONSTANT_CONVERSION = YES;
				CLANG_WARN_DEPRECATED_OBJC_IMPLEMENTATIONS = YES;
				CLANG_WARN_DIRECT_OBJC_ISA_USAGE = YES_ERROR;
				CLANG_WARN_DOCUMENTATION_COMMENTS = YES;
				CLANG_WARN_EMPTY_BODY = YES;
				CLANG_WARN_ENUM_CONVERSION = YES;
				CLANG_WARN_INFINITE_RECURSION = YES;
				CLANG_WARN_INT_CONVERSION = YES;
				CLANG_WARN_NON_LITERAL_NULL_CONVERSION = YES;
				CLANG_WARN_OBJC_IMPLICIT_RETAIN_SELF = YES;
				CLANG_WARN_OBJC_LITERAL_CONVERSION = YES;
				CLANG_WARN_OBJC_ROOT_CLASS = YES_ERROR;
				CLANG_WARN_QUOTED_INCLUDE_IN_FRAMEWORK_HEADER = YES;
				CLANG_WARN_RANGE_LOOP_ANALYSIS = YES;
				CLANG_WARN_STRICT_PROTOTYPES = YES;
				CLANG_WARN_SUSPICIOUS_MOVE = YES;
				CLANG_WARN_UNGUARDED_AVAILABILITY = YES_AGGRESSIVE;
				CLANG_WARN_UNREACHABLE_CODE = YES;
				CLANG_WARN__DUPLICATE_METHOD_MATCH = YES;
				COPY_PHASE_STRIP = NO;
				DEBUG_INFORMATION_FORMAT = "dwarf-with-dsym";
				ENABLE_NS_ASSERTIONS = NO;
				ENABLE_STRICT_OBJC_MSGSEND = YES;
				GCC_C_LANGUAGE_STANDARD = gnu11;
				GCC_NO_COMMON_BLOCKS = YES;
				GCC_WARN_64_TO_32_BIT_CONVERSION = YES;
				GCC_WARN_ABOUT_RETURN_TYPE = YES_ERROR;
				GCC_WARN_UNDECLARED_SELECTOR = YES;
				GCC_WARN_UNINITIALIZED_AUTOS = YES_AGGRESSIVE;
				GCC_WARN_UNUSED_FUNCTION = YES;
				GCC_WARN_UNUSED_VARIABLE = YES;
				IPHONEOS_DEPLOYMENT_TARGET = 15.5;
				MTL_ENABLE_DEBUG_INFO = NO;
				MTL_FAST_MATH = YES;
				SDKROOT = iphoneos;
				SWIFT_COMPILATION_MODE = wholemodule;
				SWIFT_OPTIMIZATION_LEVEL = "-O";
				VALIDATE_PRODUCT = YES;
			};
			name = Release;
		};
		2D214F4E28930BB2002752C7 /* Debug */ = {
			isa = XCBuildConfiguration;
			buildSettings = {
				ASSETCATALOG_COMPILER_APPICON_NAME = AppIcon;
				ASSETCATALOG_COMPILER_GLOBAL_ACCENT_COLOR_NAME = AccentColor;
				CODE_SIGN_STYLE = Automatic;
				CURRENT_PROJECT_VERSION = 1;
				DEVELOPMENT_TEAM = 7YF6HND7PM;
				GENERATE_INFOPLIST_FILE = YES;
				INFOPLIST_FILE = RegistrationApp/Info.plist;
				INFOPLIST_KEY_UIApplicationSupportsIndirectInputEvents = YES;
				INFOPLIST_KEY_UILaunchStoryboardName = LaunchScreen;
				INFOPLIST_KEY_UIMainStoryboardFile = SignInStoryboard;
				INFOPLIST_KEY_UISupportedInterfaceOrientations = UIInterfaceOrientationPortrait;
				INFOPLIST_KEY_UISupportedInterfaceOrientations_iPad = "UIInterfaceOrientationPortrait UIInterfaceOrientationPortraitUpsideDown UIInterfaceOrientationLandscapeLeft UIInterfaceOrientationLandscapeRight";
				INFOPLIST_KEY_UISupportedInterfaceOrientations_iPhone = "UIInterfaceOrientationPortrait UIInterfaceOrientationLandscapeLeft UIInterfaceOrientationLandscapeRight";
				LD_RUNPATH_SEARCH_PATHS = (
					"$(inherited)",
					"@executable_path/Frameworks",
				);
				MARKETING_VERSION = 1.0;
				PRODUCT_BUNDLE_IDENTIFIER = by.tms.RegistrationApp;
				PRODUCT_NAME = "$(TARGET_NAME)";
				SWIFT_EMIT_LOC_STRINGS = YES;
				SWIFT_VERSION = 5.0;
				TARGETED_DEVICE_FAMILY = "1,2";
			};
			name = Debug;
		};
		2D214F4F28930BB2002752C7 /* Release */ = {
			isa = XCBuildConfiguration;
			buildSettings = {
				ASSETCATALOG_COMPILER_APPICON_NAME = AppIcon;
				ASSETCATALOG_COMPILER_GLOBAL_ACCENT_COLOR_NAME = AccentColor;
				CODE_SIGN_STYLE = Automatic;
				CURRENT_PROJECT_VERSION = 1;
				DEVELOPMENT_TEAM = 7YF6HND7PM;
				GENERATE_INFOPLIST_FILE = YES;
				INFOPLIST_FILE = RegistrationApp/Info.plist;
				INFOPLIST_KEY_UIApplicationSupportsIndirectInputEvents = YES;
				INFOPLIST_KEY_UILaunchStoryboardName = LaunchScreen;
				INFOPLIST_KEY_UIMainStoryboardFile = SignInStoryboard;
				INFOPLIST_KEY_UISupportedInterfaceOrientations = UIInterfaceOrientationPortrait;
				INFOPLIST_KEY_UISupportedInterfaceOrientations_iPad = "UIInterfaceOrientationPortrait UIInterfaceOrientationPortraitUpsideDown UIInterfaceOrientationLandscapeLeft UIInterfaceOrientationLandscapeRight";
				INFOPLIST_KEY_UISupportedInterfaceOrientations_iPhone = "UIInterfaceOrientationPortrait UIInterfaceOrientationLandscapeLeft UIInterfaceOrientationLandscapeRight";
				LD_RUNPATH_SEARCH_PATHS = (
					"$(inherited)",
					"@executable_path/Frameworks",
				);
				MARKETING_VERSION = 1.0;
				PRODUCT_BUNDLE_IDENTIFIER = by.tms.RegistrationApp;
				PRODUCT_NAME = "$(TARGET_NAME)";
				SWIFT_EMIT_LOC_STRINGS = YES;
				SWIFT_VERSION = 5.0;
				TARGETED_DEVICE_FAMILY = "1,2";
			};
			name = Release;
		};
/* End XCBuildConfiguration section */

/* Begin XCConfigurationList section */
		2D214F3428930BB1002752C7 /* Build configuration list for PBXProject "RegistrationApp" */ = {
			isa = XCConfigurationList;
			buildConfigurations = (
				2D214F4B28930BB2002752C7 /* Debug */,
				2D214F4C28930BB2002752C7 /* Release */,
			);
			defaultConfigurationIsVisible = 0;
			defaultConfigurationName = Release;
		};
		2D214F4D28930BB2002752C7 /* Build configuration list for PBXNativeTarget "RegistrationApp" */ = {
			isa = XCConfigurationList;
			buildConfigurations = (
				2D214F4E28930BB2002752C7 /* Debug */,
				2D214F4F28930BB2002752C7 /* Release */,
			);
			defaultConfigurationIsVisible = 0;
			defaultConfigurationName = Release;
		};
/* End XCConfigurationList section */
	};
	rootObject = 2D214F3128930BB1002752C7 /* Project object */;
}
